// !$*UTF8*$!
{
	archiveVersion = 1;
	classes = {
	};
	objectVersion = 50;
	objects = {

/* Begin PBXBuildFile section */
		8AB11A4325D3452B00E9F616 /* AppDelegate.swift in Sources */ = {isa = PBXBuildFile; fileRef = 8AB11A4225D3452B00E9F616 /* AppDelegate.swift */; };
		8AB11A4525D3452B00E9F616 /* SceneDelegate.swift in Sources */ = {isa = PBXBuildFile; fileRef = 8AB11A4425D3452B00E9F616 /* SceneDelegate.swift */; };
		8AB11A4725D3452B00E9F616 /* ContentView.swift in Sources */ = {isa = PBXBuildFile; fileRef = 8AB11A4625D3452B00E9F616 /* ContentView.swift */; };
		8AB11A4925D3452D00E9F616 /* Assets.xcassets in Resources */ = {isa = PBXBuildFile; fileRef = 8AB11A4825D3452D00E9F616 /* Assets.xcassets */; };
		8AB11A4C25D3452D00E9F616 /* Preview Assets.xcassets in Resources */ = {isa = PBXBuildFile; fileRef = 8AB11A4B25D3452D00E9F616 /* Preview Assets.xcassets */; };
		8AB11A4F25D3452D00E9F616 /* LaunchScreen.storyboard in Resources */ = {isa = PBXBuildFile; fileRef = 8AB11A4D25D3452D00E9F616 /* LaunchScreen.storyboard */; };
/* End PBXBuildFile section */

/* Begin PBXFileReference section */
		8AB11A3F25D3452B00E9F616 /* GeomReader13_14.app */ = {isa = PBXFileReference; explicitFileType = wrapper.application; includeInIndex = 0; path = GeomReader13_14.app; sourceTree = BUILT_PRODUCTS_DIR; };
		8AB11A4225D3452B00E9F616 /* AppDelegate.swift */ = {isa = PBXFileReference; lastKnownFileType = sourcecode.swift; path = AppDelegate.swift; sourceTree = "<group>"; };
		8AB11A4425D3452B00E9F616 /* SceneDelegate.swift */ = {isa = PBXFileReference; lastKnownFileType = sourcecode.swift; path = SceneDelegate.swift; sourceTree = "<group>"; };
		8AB11A4625D3452B00E9F616 /* ContentView.swift */ = {isa = PBXFileReference; lastKnownFileType = sourcecode.swift; path = ContentView.swift; sourceTree = "<group>"; };
		8AB11A4825D3452D00E9F616 /* Assets.xcassets */ = {isa = PBXFileReference; lastKnownFileType = folder.assetcatalog; path = Assets.xcassets; sourceTree = "<group>"; };
		8AB11A4B25D3452D00E9F616 /* Preview Assets.xcassets */ = {isa = PBXFileReference; lastKnownFileType = folder.assetcatalog; path = "Preview Assets.xcassets"; sourceTree = "<group>"; };
		8AB11A4E25D3452D00E9F616 /* Base */ = {isa = PBXFileReference; lastKnownFileType = file.storyboard; name = Base; path = Base.lproj/LaunchScreen.storyboard; sourceTree = "<group>"; };
		8AB11A5025D3452D00E9F616 /* Info.plist */ = {isa = PBXFileReference; lastKnownFileType = text.plist.xml; path = Info.plist; sourceTree = "<group>"; };
/* End PBXFileReference section */

/* Begin PBXFrameworksBuildPhase section */
		8AB11A3C25D3452B00E9F616 /* Frameworks */ = {
			isa = PBXFrameworksBuildPhase;
			buildActionMask = 2147483647;
			files = (
			);
			runOnlyForDeploymentPostprocessing = 0;
		};
/* End PBXFrameworksBuildPhase section */

/* Begin PBXGroup section */
		8AB11A3625D3452B00E9F616 = {
			isa = PBXGroup;
			children = (
				8AB11A4125D3452B00E9F616 /* GeomReader13_14 */,
				8AB11A4025D3452B00E9F616 /* Products */,
			);
			sourceTree = "<group>";
		};
		8AB11A4025D3452B00E9F616 /* Products */ = {
			isa = PBXGroup;
			children = (
				8AB11A3F25D3452B00E9F616 /* GeomReader13_14.app */,
			);
			name = Products;
			sourceTree = "<group>";
		};
		8AB11A4125D3452B00E9F616 /* GeomReader13_14 */ = {
			isa = PBXGroup;
			children = (
				8AB11A4225D3452B00E9F616 /* AppDelegate.swift */,
				8AB11A4425D3452B00E9F616 /* SceneDelegate.swift */,
				8AB11A4625D3452B00E9F616 /* ContentView.swift */,
				8AB11A4825D3452D00E9F616 /* Assets.xcassets */,
				8AB11A4D25D3452D00E9F616 /* LaunchScreen.storyboard */,
				8AB11A5025D3452D00E9F616 /* Info.plist */,
				8AB11A4A25D3452D00E9F616 /* Preview Content */,
			);
			path = GeomReader13_14;
			sourceTree = "<group>";
		};
		8AB11A4A25D3452D00E9F616 /* Preview Content */ = {
			isa = PBXGroup;
			children = (
				8AB11A4B25D3452D00E9F616 /* Preview Assets.xcassets */,
			);
			path = "Preview Content";
			sourceTree = "<group>";
		};
/* End PBXGroup section */

/* Begin PBXNativeTarget section */
		8AB11A3E25D3452B00E9F616 /* GeomReader13_14 */ = {
			isa = PBXNativeTarget;
			buildConfigurationList = 8AB11A5325D3452D00E9F616 /* Build configuration list for PBXNativeTarget "GeomReader13_14" */;
			buildPhases = (
				8AB11A3B25D3452B00E9F616 /* Sources */,
				8AB11A3C25D3452B00E9F616 /* Frameworks */,
				8AB11A3D25D3452B00E9F616 /* Resources */,
			);
			buildRules = (
			);
			dependencies = (
			);
			name = GeomReader13_14;
			productName = GeomReader13_14;
			productReference = 8AB11A3F25D3452B00E9F616 /* GeomReader13_14.app */;
			productType = "com.apple.product-type.application";
		};
/* End PBXNativeTarget section */

/* Begin PBXProject section */
		8AB11A3725D3452B00E9F616 /* Project object */ = {
			isa = PBXProject;
			attributes = {
				LastSwiftUpdateCheck = 1150;
				LastUpgradeCheck = 1150;
				ORGANIZATIONNAME = "Iurie Guzun";
				TargetAttributes = {
					8AB11A3E25D3452B00E9F616 = {
						CreatedOnToolsVersion = 11.5;
					};
				};
			};
			buildConfigurationList = 8AB11A3A25D3452B00E9F616 /* Build configuration list for PBXProject "GeomReader13_14" */;
			compatibilityVersion = "Xcode 9.3";
			developmentRegion = en;
			hasScannedForEncodings = 0;
			knownRegions = (
				en,
				Base,
			);
			mainGroup = 8AB11A3625D3452B00E9F616;
			productRefGroup = 8AB11A4025D3452B00E9F616 /* Products */;
			projectDirPath = "";
			projectRoot = "";
			targets = (
				8AB11A3E25D3452B00E9F616 /* GeomReader13_14 */,
			);
		};
/* End PBXProject section */

/* Begin PBXResourcesBuildPhase section */
		8AB11A3D25D3452B00E9F616 /* Resources */ = {
			isa = PBXResourcesBuildPhase;
			buildActionMask = 2147483647;
			files = (
				8AB11A4F25D3452D00E9F616 /* LaunchScreen.storyboard in Resources */,
				8AB11A4C25D3452D00E9F616 /* Preview Assets.xcassets in Resources */,
				8AB11A4925D3452D00E9F616 /* Assets.xcassets in Resources */,
			);
			runOnlyForDeploymentPostprocessing = 0;
		};
/* End PBXResourcesBuildPhase section */

/* Begin PBXSourcesBuildPhase section */
		8AB11A3B25D3452B00E9F616 /* Sources */ = {
			isa = PBXSourcesBuildPhase;
			buildActionMask = 2147483647;
			files = (
				8AB11A4325D3452B00E9F616 /* AppDelegate.swift in Sources */,
				8AB11A4525D3452B00E9F616 /* SceneDelegate.swift in Sources */,
				8AB11A4725D3452B00E9F616 /* ContentView.swift in Sources */,
			);
			runOnlyForDeploymentPostprocessing = 0;
		};
/* End PBXSourcesBuildPhase section */

/* Begin PBXVariantGroup section */
		8AB11A4D25D3452D00E9F616 /* LaunchScreen.storyboard */ = {
			isa = PBXVariantGroup;
			children = (
				8AB11A4E25D3452D00E9F616 /* Base */,
			);
			name = LaunchScreen.storyboard;
			sourceTree = "<group>";
		};
/* End PBXVariantGroup section */

/* Begin XCBuildConfiguration section */
		8AB11A5125D3452D00E9F616 /* Debug */ = {
			isa = XCBuildConfiguration;
			buildSettings = {
				ALWAYS_SEARCH_USER_PATHS = NO;
				CLANG_ANALYZER_NONNULL = YES;
				CLANG_ANALYZER_NUMBER_OBJECT_CONVERSION = YES_AGGRESSIVE;
				CLANG_CXX_LANGUAGE_STANDARD = "gnu++14";
				CLANG_CXX_LIBRARY = "libc++";
				CLANG_ENABLE_MODULES = YES;
				CLANG_ENABLE_OBJC_ARC = YES;
				CLANG_ENABLE_OBJC_WEAK = YES;
				CLANG_WARN_BLOCK_CAPTURE_AUTORELEASING = YES;
				CLANG_WARN_BOOL_CONVERSION = YES;
				CLANG_WARN_COMMA = YES;
				CLANG_WARN_CONSTANT_CONVERSION = YES;
				CLANG_WARN_DEPRECATED_OBJC_IMPLEMENTATIONS = YES;
				CLANG_WARN_DIRECT_OBJC_ISA_USAGE = YES_ERROR;
				CLANG_WARN_DOCUMENTATION_COMMENTS = YES;
				CLANG_WARN_EMPTY_BODY = YES;
				CLANG_WARN_ENUM_CONVERSION = YES;
				CLANG_WARN_INFINITE_RECURSION = YES;
				CLANG_WARN_INT_CONVERSION = YES;
				CLANG_WARN_NON_LITERAL_NULL_CONVERSION = YES;
				CLANG_WARN_OBJC_IMPLICIT_RETAIN_SELF = YES;
				CLANG_WARN_OBJC_LITERAL_CONVERSION = YES;
				CLANG_WARN_OBJC_ROOT_CLASS = YES_ERROR;
				CLANG_WARN_RANGE_LOOP_ANALYSIS = YES;
				CLANG_WARN_STRICT_PROTOTYPES = YES;
				CLANG_WARN_SUSPICIOUS_MOVE = YES;
				CLANG_WARN_UNGUARDED_AVAILABILITY = YES_AGGRESSIVE;
				CLANG_WARN_UNREACHABLE_CODE = YES;
				CLANG_WARN__DUPLICATE_METHOD_MATCH = YES;
				COPY_PHASE_STRIP = NO;
				DEBUG_INFORMATION_FORMAT = dwarf;
				ENABLE_STRICT_OBJC_MSGSEND = YES;
				ENABLE_TESTABILITY = YES;
				GCC_C_LANGUAGE_STANDARD = gnu11;
				GCC_DYNAMIC_NO_PIC = NO;
				GCC_NO_COMMON_BLOCKS = YES;
				GCC_OPTIMIZATION_LEVEL = 0;
				GCC_PREPROCESSOR_DEFINITIONS = (
					"DEBUG=1",
					"$(inherited)",
				);
				GCC_WARN_64_TO_32_BIT_CONVERSION = YES;
				GCC_WARN_ABOUT_RETURN_TYPE = YES_ERROR;
				GCC_WARN_UNDECLARED_SELECTOR = YES;
				GCC_WARN_UNINITIALIZED_AUTOS = YES_AGGRESSIVE;
				GCC_WARN_UNUSED_FUNCTION = YES;
				GCC_WARN_UNUSED_VARIABLE = YES;
				IPHONEOS_DEPLOYMENT_TARGET = 13.5;
				MTL_ENABLE_DEBUG_INFO = INCLUDE_SOURCE;
				MTL_FAST_MATH = YES;
				ONLY_ACTIVE_ARCH = YES;
				SDKROOT = iphoneos;
				SWIFT_ACTIVE_COMPILATION_CONDITIONS = DEBUG;
				SWIFT_OPTIMIZATION_LEVEL = "-Onone";
			};
			name = Debug;
		};
		8AB11A5225D3452D00E9F616 /* Release */ = {
			isa = XCBuildConfiguration;
			buildSettings = {
				ALWAYS_SEARCH_USER_PATHS = NO;
				CLANG_ANALYZER_NONNULL = YES;
				CLANG_ANALYZER_NUMBER_OBJECT_CONVERSION = YES_AGGRESSIVE;
				CLANG_CXX_LANGUAGE_STANDARD = "gnu++14";
				CLANG_CXX_LIBRARY = "libc++";
				CLANG_ENABLE_MODULES = YES;
				CLANG_ENABLE_OBJC_ARC = YES;
				CLANG_ENABLE_OBJC_WEAK = YES;
				CLANG_WARN_BLOCK_CAPTURE_AUTORELEASING = YES;
				CLANG_WARN_BOOL_CONVERSION = YES;
				CLANG_WARN_COMMA = YES;
				CLANG_WARN_CONSTANT_CONVERSION = YES;
				CLANG_WARN_DEPRECATED_OBJC_IMPLEMENTATIONS = YES;
				CLANG_WARN_DIRECT_OBJC_ISA_USAGE = YES_ERROR;
				CLANG_WARN_DOCUMENTATION_COMMENTS = YES;
				CLANG_WARN_EMPTY_BODY = YES;
				CLANG_WARN_ENUM_CONVERSION = YES;
				CLANG_WARN_INFINITE_RECURSION = YES;
				CLANG_WARN_INT_CONVERSION = YES;
				CLANG_WARN_NON_LITERAL_NULL_CONVERSION = YES;
				CLANG_WARN_OBJC_IMPLICIT_RETAIN_SELF = YES;
				CLANG_WARN_OBJC_LITERAL_CONVERSION = YES;
				CLANG_WARN_OBJC_ROOT_CLASS = YES_ERROR;
				CLANG_WARN_RANGE_LOOP_ANALYSIS = YES;
				CLANG_WARN_STRICT_PROTOTYPES = YES;
				CLANG_WARN_SUSPICIOUS_MOVE = YES;
				CLANG_WARN_UNGUARDED_AVAILABILITY = YES_AGGRESSIVE;
				CLANG_WARN_UNREACHABLE_CODE = YES;
				CLANG_WARN__DUPLICATE_METHOD_MATCH = YES;
				COPY_PHASE_STRIP = NO;
				DEBUG_INFORMATION_FORMAT = "dwarf-with-dsym";
				ENABLE_NS_ASSERTIONS = NO;
				ENABLE_STRICT_OBJC_MSGSEND = YES;
				GCC_C_LANGUAGE_STANDARD = gnu11;
				GCC_NO_COMMON_BLOCKS = YES;
				GCC_WARN_64_TO_32_BIT_CONVERSION = YES;
				GCC_WARN_ABOUT_RETURN_TYPE = YES_ERROR;
				GCC_WARN_UNDECLARED_SELECTOR = YES;
				GCC_WARN_UNINITIALIZED_AUTOS = YES_AGGRESSIVE;
				GCC_WARN_UNUSED_FUNCTION = YES;
				GCC_WARN_UNUSED_VARIABLE = YES;
				IPHONEOS_DEPLOYMENT_TARGET = 13.5;
				MTL_ENABLE_DEBUG_INFO = NO;
				MTL_FAST_MATH = YES;
				SDKROOT = iphoneos;
				SWIFT_COMPILATION_MODE = wholemodule;
				SWIFT_OPTIMIZATION_LEVEL = "-O";
				VALIDATE_PRODUCT = YES;
			};
			name = Release;
		};
		8AB11A5425D3452D00E9F616 /* Debug */ = {
			isa = XCBuildConfiguration;
			buildSettings = {
				ASSETCATALOG_COMPILER_APPICON_NAME = AppIcon;
				CODE_SIGN_STYLE = Automatic;
				DEVELOPMENT_ASSET_PATHS = "\"GeomReader13_14/Preview Content\"";
				DEVELOPMENT_TEAM = JKMGXM83KA;
				ENABLE_PREVIEWS = YES;
				INFOPLIST_FILE = GeomReader13_14/Info.plist;
				LD_RUNPATH_SEARCH_PATHS = (
					"$(inherited)",
					"@executable_path/Frameworks",
				);
				PRODUCT_BUNDLE_IDENTIFIER = "com.IurieGuzun.GeomReader13-14";
				PRODUCT_NAME = "$(TARGET_NAME)";
				SWIFT_VERSION = 5.0;
				TARGETED_DEVICE_FAMILY = "1,2";
			};
			name = Debug;
		};
		8AB11A5525D3452D00E9F616 /* Release */ = {
			isa = XCBuildConfiguration;
			buildSettings = {
				ASSETCATALOG_COMPILER_APPICON_NAME = AppIcon;
				CODE_SIGN_STYLE = Automatic;
				DEVELOPMENT_ASSET_PATHS = "\"GeomReader13_14/Preview Content\"";
				DEVELOPMENT_TEAM = JKMGXM83KA;
				ENABLE_PREVIEWS = YES;
				INFOPLIST_FILE = GeomReader13_14/Info.plist;
				LD_RUNPATH_SEARCH_PATHS = (
					"$(inherited)",
					"@executable_path/Frameworks",
				);
				PRODUCT_BUNDLE_IDENTIFIER = "com.IurieGuzun.GeomReader13-14";
				PRODUCT_NAME = "$(TARGET_NAME)";
				SWIFT_VERSION = 5.0;
				TARGETED_DEVICE_FAMILY = "1,2";
			};
			name = Release;
		};
/* End XCBuildConfiguration section */

/* Begin XCConfigurationList section */
		8AB11A3A25D3452B00E9F616 /* Build configuration list for PBXProject "GeomReader13_14" */ = {
			isa = XCConfigurationList;
			buildConfigurations = (
				8AB11A5125D3452D00E9F616 /* Debug */,
				8AB11A5225D3452D00E9F616 /* Release */,
			);
			defaultConfigurationIsVisible = 0;
			defaultConfigurationName = Release;
		};
		8AB11A5325D3452D00E9F616 /* Build configuration list for PBXNativeTarget "GeomReader13_14" */ = {
			isa = XCConfigurationList;
			buildConfigurations = (
				8AB11A5425D3452D00E9F616 /* Debug */,
				8AB11A5525D3452D00E9F616 /* Release */,
			);
			defaultConfigurationIsVisible = 0;
			defaultConfigurationName = Release;
		};
/* End XCConfigurationList section */
	};
	rootObject = 8AB11A3725D3452B00E9F616 /* Project object */;
}
